// !$*UTF8*$!
{
	archiveVersion = 1;
	classes = {
	};
	objectVersion = 46;
	objects = {

/* Begin PBXBuildFile section */
		5062B4001D02C9C6000F39FB /* main.m in Sources */ = {isa = PBXBuildFile; fileRef = 5062B3FF1D02C9C6000F39FB /* main.m */; };
		5062B4031D02C9C6000F39FB /* AppDelegate.m in Sources */ = {isa = PBXBuildFile; fileRef = 5062B4021D02C9C6000F39FB /* AppDelegate.m */; };
		5062B4091D02C9C6000F39FB /* Main.storyboard in Resources */ = {isa = PBXBuildFile; fileRef = 5062B4071D02C9C6000F39FB /* Main.storyboard */; };
		5062B40B1D02C9C6000F39FB /* Assets.xcassets in Resources */ = {isa = PBXBuildFile; fileRef = 5062B40A1D02C9C6000F39FB /* Assets.xcassets */; };
		5062B40E1D02C9C6000F39FB /* LaunchScreen.storyboard in Resources */ = {isa = PBXBuildFile; fileRef = 5062B40C1D02C9C6000F39FB /* LaunchScreen.storyboard */; };
		5062B4191D02C9C6000F39FB /* DaVinciTests.m in Sources */ = {isa = PBXBuildFile; fileRef = 5062B4181D02C9C6000F39FB /* DaVinciTests.m */; };
		5062B4241D02C9C6000F39FB /* DaVinciUITests.m in Sources */ = {isa = PBXBuildFile; fileRef = 5062B4231D02C9C6000F39FB /* DaVinciUITests.m */; };
		5062B4351D02D183000F39FB /* DVViewController.m in Sources */ = {isa = PBXBuildFile; fileRef = 5062B4341D02D183000F39FB /* DVViewController.m */; };
		5062B4391D02D1D9000F39FB /* DVAIManager.m in Sources */ = {isa = PBXBuildFile; fileRef = 5062B4381D02D1D9000F39FB /* DVAIManager.m */; };
		5062B49B1D02DB0A000F39FB /* ioapi.c in Sources */ = {isa = PBXBuildFile; fileRef = 5062B4911D02DB0A000F39FB /* ioapi.c */; };
		5062B49C1D02DB0A000F39FB /* mztools.c in Sources */ = {isa = PBXBuildFile; fileRef = 5062B4931D02DB0A000F39FB /* mztools.c */; };
		5062B49D1D02DB0A000F39FB /* unzip.c in Sources */ = {isa = PBXBuildFile; fileRef = 5062B4951D02DB0A000F39FB /* unzip.c */; };
		5062B49E1D02DB0A000F39FB /* zip.c in Sources */ = {isa = PBXBuildFile; fileRef = 5062B4971D02DB0A000F39FB /* zip.c */; };
		5062B49F1D02DB0A000F39FB /* ZipArchive.mm in Sources */ = {isa = PBXBuildFile; fileRef = 5062B49A1D02DB0A000F39FB /* ZipArchive.mm */; settings = {COMPILER_FLAGS = "-fno-objc-arc"; }; };
		5062B4A11D02DB53000F39FB /* libz.tbd in Frameworks */ = {isa = PBXBuildFile; fileRef = 5062B4A01D02DB53000F39FB /* libz.tbd */; };
		5062B4A41D02DC5A000F39FB /* resource.zip in Resources */ = {isa = PBXBuildFile; fileRef = 5062B4A31D02DC5A000F39FB /* resource.zip */; };
		5062B4A71D02DEF0000F39FB /* UIView+ViewFrameGeometry.m in Sources */ = {isa = PBXBuildFile; fileRef = 5062B4A61D02DEF0000F39FB /* UIView+ViewFrameGeometry.m */; };
		5062B4AB1D02FA4D000F39FB /* iflyMSC.framework in Frameworks */ = {isa = PBXBuildFile; fileRef = 5062B4AA1D02FA4D000F39FB /* iflyMSC.framework */; };
		5062B4AD1D02FA5F000F39FB /* CoreLocation.framework in Frameworks */ = {isa = PBXBuildFile; fileRef = 5062B4AC1D02FA5F000F39FB /* CoreLocation.framework */; };
		5062B4AF1D02FA65000F39FB /* CoreTelephony.framework in Frameworks */ = {isa = PBXBuildFile; fileRef = 5062B4AE1D02FA65000F39FB /* CoreTelephony.framework */; };
		5062B4B11D02FA6C000F39FB /* AVFoundation.framework in Frameworks */ = {isa = PBXBuildFile; fileRef = 5062B4B01D02FA6C000F39FB /* AVFoundation.framework */; };
		5062B4B31D02FA71000F39FB /* AddressBook.framework in Frameworks */ = {isa = PBXBuildFile; fileRef = 5062B4B21D02FA71000F39FB /* AddressBook.framework */; };
		5062B4B51D02FA79000F39FB /* AudioToolbox.framework in Frameworks */ = {isa = PBXBuildFile; fileRef = 5062B4B41D02FA79000F39FB /* AudioToolbox.framework */; };
		5062B4B71D02FA7D000F39FB /* SystemConfiguration.framework in Frameworks */ = {isa = PBXBuildFile; fileRef = 5062B4B61D02FA7D000F39FB /* SystemConfiguration.framework */; };
		5062B4B91D02FA84000F39FB /* QuartzCore.framework in Frameworks */ = {isa = PBXBuildFile; fileRef = 5062B4B81D02FA84000F39FB /* QuartzCore.framework */; };
		5062B4BB1D02FA89000F39FB /* Foundation.framework in Frameworks */ = {isa = PBXBuildFile; fileRef = 5062B4BA1D02FA89000F39FB /* Foundation.framework */; };
		5062B4BD1D02FA90000F39FB /* UIKit.framework in Frameworks */ = {isa = PBXBuildFile; fileRef = 5062B4BC1D02FA90000F39FB /* UIKit.framework */; };
		5062B4BF1D02FA96000F39FB /* CoreGraphics.framework in Frameworks */ = {isa = PBXBuildFile; fileRef = 5062B4BE1D02FA96000F39FB /* CoreGraphics.framework */; };
		5062B4C21D02FAD9000F39FB /* DVVoiceInputManager.m in Sources */ = {isa = PBXBuildFile; fileRef = 5062B4C11D02FAD9000F39FB /* DVVoiceInputManager.m */; };
/* End PBXBuildFile section */

/* Begin PBXContainerItemProxy section */
		5062B4151D02C9C6000F39FB /* PBXContainerItemProxy */ = {
			isa = PBXContainerItemProxy;
			containerPortal = 5062B3F31D02C9C6000F39FB /* Project object */;
			proxyType = 1;
			remoteGlobalIDString = 5062B3FA1D02C9C6000F39FB;
			remoteInfo = DaVinci;
		};
		5062B4201D02C9C6000F39FB /* PBXContainerItemProxy */ = {
			isa = PBXContainerItemProxy;
			containerPortal = 5062B3F31D02C9C6000F39FB /* Project object */;
			proxyType = 1;
			remoteGlobalIDString = 5062B3FA1D02C9C6000F39FB;
			remoteInfo = DaVinci;
		};
/* End PBXContainerItemProxy section */

/* Begin PBXFileReference section */
		5062B3FB1D02C9C6000F39FB /* DaVinci.app */ = {isa = PBXFileReference; explicitFileType = wrapper.application; includeInIndex = 0; path = DaVinci.app; sourceTree = BUILT_PRODUCTS_DIR; };
		5062B3FF1D02C9C6000F39FB /* main.m */ = {isa = PBXFileReference; lastKnownFileType = sourcecode.c.objc; path = main.m; sourceTree = "<group>"; };
		5062B4011D02C9C6000F39FB /* AppDelegate.h */ = {isa = PBXFileReference; lastKnownFileType = sourcecode.c.h; path = AppDelegate.h; sourceTree = "<group>"; };
		5062B4021D02C9C6000F39FB /* AppDelegate.m */ = {isa = PBXFileReference; lastKnownFileType = sourcecode.c.objc; path = AppDelegate.m; sourceTree = "<group>"; };
		5062B4081D02C9C6000F39FB /* Base */ = {isa = PBXFileReference; lastKnownFileType = file.storyboard; name = Base; path = Base.lproj/Main.storyboard; sourceTree = "<group>"; };
		5062B40A1D02C9C6000F39FB /* Assets.xcassets */ = {isa = PBXFileReference; lastKnownFileType = folder.assetcatalog; path = Assets.xcassets; sourceTree = "<group>"; };
		5062B40D1D02C9C6000F39FB /* Base */ = {isa = PBXFileReference; lastKnownFileType = file.storyboard; name = Base; path = Base.lproj/LaunchScreen.storyboard; sourceTree = "<group>"; };
		5062B40F1D02C9C6000F39FB /* Info.plist */ = {isa = PBXFileReference; lastKnownFileType = text.plist.xml; path = Info.plist; sourceTree = "<group>"; };
		5062B4141D02C9C6000F39FB /* DaVinciTests.xctest */ = {isa = PBXFileReference; explicitFileType = wrapper.cfbundle; includeInIndex = 0; path = DaVinciTests.xctest; sourceTree = BUILT_PRODUCTS_DIR; };
		5062B4181D02C9C6000F39FB /* DaVinciTests.m */ = {isa = PBXFileReference; lastKnownFileType = sourcecode.c.objc; path = DaVinciTests.m; sourceTree = "<group>"; };
		5062B41A1D02C9C6000F39FB /* Info.plist */ = {isa = PBXFileReference; lastKnownFileType = text.plist.xml; path = Info.plist; sourceTree = "<group>"; };
		5062B41F1D02C9C6000F39FB /* DaVinciUITests.xctest */ = {isa = PBXFileReference; explicitFileType = wrapper.cfbundle; includeInIndex = 0; path = DaVinciUITests.xctest; sourceTree = BUILT_PRODUCTS_DIR; };
		5062B4231D02C9C6000F39FB /* DaVinciUITests.m */ = {isa = PBXFileReference; lastKnownFileType = sourcecode.c.objc; path = DaVinciUITests.m; sourceTree = "<group>"; };
		5062B4251D02C9C6000F39FB /* Info.plist */ = {isa = PBXFileReference; lastKnownFileType = text.plist.xml; path = Info.plist; sourceTree = "<group>"; };
		5062B4331D02D183000F39FB /* DVViewController.h */ = {isa = PBXFileReference; fileEncoding = 4; lastKnownFileType = sourcecode.c.h; path = DVViewController.h; sourceTree = "<group>"; };
		5062B4341D02D183000F39FB /* DVViewController.m */ = {isa = PBXFileReference; fileEncoding = 4; lastKnownFileType = sourcecode.c.objc; path = DVViewController.m; sourceTree = "<group>"; };
		5062B4371D02D1D9000F39FB /* DVAIManager.h */ = {isa = PBXFileReference; fileEncoding = 4; lastKnownFileType = sourcecode.c.h; path = DVAIManager.h; sourceTree = "<group>"; };
		5062B4381D02D1D9000F39FB /* DVAIManager.m */ = {isa = PBXFileReference; fileEncoding = 4; lastKnownFileType = sourcecode.c.objc; path = DVAIManager.m; sourceTree = "<group>"; };
		5062B4901D02DB0A000F39FB /* crypt.h */ = {isa = PBXFileReference; fileEncoding = 4; lastKnownFileType = sourcecode.c.h; path = crypt.h; sourceTree = "<group>"; };
		5062B4911D02DB0A000F39FB /* ioapi.c */ = {isa = PBXFileReference; fileEncoding = 4; lastKnownFileType = sourcecode.c.c; path = ioapi.c; sourceTree = "<group>"; };
		5062B4921D02DB0A000F39FB /* ioapi.h */ = {isa = PBXFileReference; fileEncoding = 4; lastKnownFileType = sourcecode.c.h; path = ioapi.h; sourceTree = "<group>"; };
		5062B4931D02DB0A000F39FB /* mztools.c */ = {isa = PBXFileReference; fileEncoding = 4; lastKnownFileType = sourcecode.c.c; path = mztools.c; sourceTree = "<group>"; };
		5062B4941D02DB0A000F39FB /* mztools.h */ = {isa = PBXFileReference; fileEncoding = 4; lastKnownFileType = sourcecode.c.h; path = mztools.h; sourceTree = "<group>"; };
		5062B4951D02DB0A000F39FB /* unzip.c */ = {isa = PBXFileReference; fileEncoding = 4; lastKnownFileType = sourcecode.c.c; path = unzip.c; sourceTree = "<group>"; };
		5062B4961D02DB0A000F39FB /* unzip.h */ = {isa = PBXFileReference; fileEncoding = 4; lastKnownFileType = sourcecode.c.h; path = unzip.h; sourceTree = "<group>"; };
		5062B4971D02DB0A000F39FB /* zip.c */ = {isa = PBXFileReference; fileEncoding = 4; lastKnownFileType = sourcecode.c.c; path = zip.c; sourceTree = "<group>"; };
		5062B4981D02DB0A000F39FB /* zip.h */ = {isa = PBXFileReference; fileEncoding = 4; lastKnownFileType = sourcecode.c.h; path = zip.h; sourceTree = "<group>"; };
		5062B4991D02DB0A000F39FB /* ZipArchive.h */ = {isa = PBXFileReference; fileEncoding = 4; lastKnownFileType = sourcecode.c.h; path = ZipArchive.h; sourceTree = "<group>"; };
		5062B49A1D02DB0A000F39FB /* ZipArchive.mm */ = {isa = PBXFileReference; fileEncoding = 4; lastKnownFileType = sourcecode.cpp.objcpp; path = ZipArchive.mm; sourceTree = "<group>"; };
		5062B4A01D02DB53000F39FB /* libz.tbd */ = {isa = PBXFileReference; lastKnownFileType = "sourcecode.text-based-dylib-definition"; name = libz.tbd; path = usr/lib/libz.tbd; sourceTree = SDKROOT; };
		5062B4A31D02DC5A000F39FB /* resource.zip */ = {isa = PBXFileReference; lastKnownFileType = archive.zip; path = resource.zip; sourceTree = "<group>"; };
		5062B4A51D02DEF0000F39FB /* UIView+ViewFrameGeometry.h */ = {isa = PBXFileReference; fileEncoding = 4; lastKnownFileType = sourcecode.c.h; path = "UIView+ViewFrameGeometry.h"; sourceTree = "<group>"; };
		5062B4A61D02DEF0000F39FB /* UIView+ViewFrameGeometry.m */ = {isa = PBXFileReference; fileEncoding = 4; lastKnownFileType = sourcecode.c.objc; path = "UIView+ViewFrameGeometry.m"; sourceTree = "<group>"; };
		5062B4AA1D02FA4D000F39FB /* iflyMSC.framework */ = {isa = PBXFileReference; lastKnownFileType = wrapper.framework; path = iflyMSC.framework; sourceTree = "<group>"; };
		5062B4AC1D02FA5F000F39FB /* CoreLocation.framework */ = {isa = PBXFileReference; lastKnownFileType = wrapper.framework; name = CoreLocation.framework; path = System/Library/Frameworks/CoreLocation.framework; sourceTree = SDKROOT; };
		5062B4AE1D02FA65000F39FB /* CoreTelephony.framework */ = {isa = PBXFileReference; lastKnownFileType = wrapper.framework; name = CoreTelephony.framework; path = System/Library/Frameworks/CoreTelephony.framework; sourceTree = SDKROOT; };
		5062B4B01D02FA6C000F39FB /* AVFoundation.framework */ = {isa = PBXFileReference; lastKnownFileType = wrapper.framework; name = AVFoundation.framework; path = System/Library/Frameworks/AVFoundation.framework; sourceTree = SDKROOT; };
		5062B4B21D02FA71000F39FB /* AddressBook.framework */ = {isa = PBXFileReference; lastKnownFileType = wrapper.framework; name = AddressBook.framework; path = System/Library/Frameworks/AddressBook.framework; sourceTree = SDKROOT; };
		5062B4B41D02FA79000F39FB /* AudioToolbox.framework */ = {isa = PBXFileReference; lastKnownFileType = wrapper.framework; name = AudioToolbox.framework; path = System/Library/Frameworks/AudioToolbox.framework; sourceTree = SDKROOT; };
		5062B4B61D02FA7D000F39FB /* SystemConfiguration.framework */ = {isa = PBXFileReference; lastKnownFileType = wrapper.framework; name = SystemConfiguration.framework; path = System/Library/Frameworks/SystemConfiguration.framework; sourceTree = SDKROOT; };
		5062B4B81D02FA84000F39FB /* QuartzCore.framework */ = {isa = PBXFileReference; lastKnownFileType = wrapper.framework; name = QuartzCore.framework; path = System/Library/Frameworks/QuartzCore.framework; sourceTree = SDKROOT; };
		5062B4BA1D02FA89000F39FB /* Foundation.framework */ = {isa = PBXFileReference; lastKnownFileType = wrapper.framework; name = Foundation.framework; path = System/Library/Frameworks/Foundation.framework; sourceTree = SDKROOT; };
		5062B4BC1D02FA90000F39FB /* UIKit.framework */ = {isa = PBXFileReference; lastKnownFileType = wrapper.framework; name = UIKit.framework; path = System/Library/Frameworks/UIKit.framework; sourceTree = SDKROOT; };
		5062B4BE1D02FA96000F39FB /* CoreGraphics.framework */ = {isa = PBXFileReference; lastKnownFileType = wrapper.framework; name = CoreGraphics.framework; path = System/Library/Frameworks/CoreGraphics.framework; sourceTree = SDKROOT; };
		5062B4C01D02FAD9000F39FB /* DVVoiceInputManager.h */ = {isa = PBXFileReference; fileEncoding = 4; lastKnownFileType = sourcecode.c.h; path = DVVoiceInputManager.h; sourceTree = "<group>"; };
		5062B4C11D02FAD9000F39FB /* DVVoiceInputManager.m */ = {isa = PBXFileReference; fileEncoding = 4; lastKnownFileType = sourcecode.c.objc; path = DVVoiceInputManager.m; sourceTree = "<group>"; };
/* End PBXFileReference section */

/* Begin PBXFrameworksBuildPhase section */
		5062B3F81D02C9C6000F39FB /* Frameworks */ = {
			isa = PBXFrameworksBuildPhase;
			buildActionMask = 2147483647;
			files = (
				5062B4BF1D02FA96000F39FB /* CoreGraphics.framework in Frameworks */,
				5062B4BD1D02FA90000F39FB /* UIKit.framework in Frameworks */,
				5062B4BB1D02FA89000F39FB /* Foundation.framework in Frameworks */,
				5062B4B91D02FA84000F39FB /* QuartzCore.framework in Frameworks */,
				5062B4B71D02FA7D000F39FB /* SystemConfiguration.framework in Frameworks */,
				5062B4B51D02FA79000F39FB /* AudioToolbox.framework in Frameworks */,
				5062B4B31D02FA71000F39FB /* AddressBook.framework in Frameworks */,
				5062B4B11D02FA6C000F39FB /* AVFoundation.framework in Frameworks */,
				5062B4AF1D02FA65000F39FB /* CoreTelephony.framework in Frameworks */,
				5062B4AD1D02FA5F000F39FB /* CoreLocation.framework in Frameworks */,
				5062B4A11D02DB53000F39FB /* libz.tbd in Frameworks */,
				5062B4AB1D02FA4D000F39FB /* iflyMSC.framework in Frameworks */,
			);
			runOnlyForDeploymentPostprocessing = 0;
		};
		5062B4111D02C9C6000F39FB /* Frameworks */ = {
			isa = PBXFrameworksBuildPhase;
			buildActionMask = 2147483647;
			files = (
			);
			runOnlyForDeploymentPostprocessing = 0;
		};
		5062B41C1D02C9C6000F39FB /* Frameworks */ = {
			isa = PBXFrameworksBuildPhase;
			buildActionMask = 2147483647;
			files = (
			);
			runOnlyForDeploymentPostprocessing = 0;
		};
/* End PBXFrameworksBuildPhase section */

/* Begin PBXGroup section */
		5062B3F21D02C9C6000F39FB = {
			isa = PBXGroup;
			children = (
				5062B4A21D02DB58000F39FB /* Frameworks */,
				5062B3FD1D02C9C6000F39FB /* DaVinci */,
				5062B4171D02C9C6000F39FB /* DaVinciTests */,
				5062B4221D02C9C6000F39FB /* DaVinciUITests */,
				5062B3FC1D02C9C6000F39FB /* Products */,
			);
			sourceTree = "<group>";
		};
		5062B3FC1D02C9C6000F39FB /* Products */ = {
			isa = PBXGroup;
			children = (
				5062B3FB1D02C9C6000F39FB /* DaVinci.app */,
				5062B4141D02C9C6000F39FB /* DaVinciTests.xctest */,
				5062B41F1D02C9C6000F39FB /* DaVinciUITests.xctest */,
			);
			name = Products;
			sourceTree = "<group>";
		};
		5062B3FD1D02C9C6000F39FB /* DaVinci */ = {
			isa = PBXGroup;
			children = (
				5062B48E1D02DB04000F39FB /* Utils */,
				5062B4361D02D1AC000F39FB /* Service */,
				5062B4321D02D15B000F39FB /* Views */,
				5062B4311D02D153000F39FB /* Controllers */,
				5062B3FE1D02C9C6000F39FB /* Supporting Files */,
			);
			path = DaVinci;
			sourceTree = "<group>";
		};
		5062B3FE1D02C9C6000F39FB /* Supporting Files */ = {
			isa = PBXGroup;
			children = (
				5062B4A31D02DC5A000F39FB /* resource.zip */,
				5062B4011D02C9C6000F39FB /* AppDelegate.h */,
				5062B4021D02C9C6000F39FB /* AppDelegate.m */,
				5062B4071D02C9C6000F39FB /* Main.storyboard */,
				5062B40A1D02C9C6000F39FB /* Assets.xcassets */,
				5062B40C1D02C9C6000F39FB /* LaunchScreen.storyboard */,
				5062B40F1D02C9C6000F39FB /* Info.plist */,
				5062B3FF1D02C9C6000F39FB /* main.m */,
			);
			name = "Supporting Files";
			sourceTree = "<group>";
		};
		5062B4171D02C9C6000F39FB /* DaVinciTests */ = {
			isa = PBXGroup;
			children = (
				5062B4181D02C9C6000F39FB /* DaVinciTests.m */,
				5062B41A1D02C9C6000F39FB /* Info.plist */,
			);
			path = DaVinciTests;
			sourceTree = "<group>";
		};
		5062B4221D02C9C6000F39FB /* DaVinciUITests */ = {
			isa = PBXGroup;
			children = (
				5062B4231D02C9C6000F39FB /* DaVinciUITests.m */,
				5062B4251D02C9C6000F39FB /* Info.plist */,
			);
			path = DaVinciUITests;
			sourceTree = "<group>";
		};
		5062B4311D02D153000F39FB /* Controllers */ = {
			isa = PBXGroup;
			children = (
				5062B4331D02D183000F39FB /* DVViewController.h */,
				5062B4341D02D183000F39FB /* DVViewController.m */,
			);
			name = Controllers;
			sourceTree = "<group>";
		};
		5062B4321D02D15B000F39FB /* Views */ = {
			isa = PBXGroup;
			children = (
			);
			name = Views;
			sourceTree = "<group>";
		};
		5062B4361D02D1AC000F39FB /* Service */ = {
			isa = PBXGroup;
			children = (
				5062B4371D02D1D9000F39FB /* DVAIManager.h */,
				5062B4381D02D1D9000F39FB /* DVAIManager.m */,
				5062B4C01D02FAD9000F39FB /* DVVoiceInputManager.h */,
				5062B4C11D02FAD9000F39FB /* DVVoiceInputManager.m */,
			);
			name = Service;
			sourceTree = "<group>";
		};
		5062B48E1D02DB04000F39FB /* Utils */ = {
			isa = PBXGroup;
			children = (
				5062B4A51D02DEF0000F39FB /* UIView+ViewFrameGeometry.h */,
				5062B4A61D02DEF0000F39FB /* UIView+ViewFrameGeometry.m */,
				5062B48F1D02DB0A000F39FB /* minizip */,
				5062B4991D02DB0A000F39FB /* ZipArchive.h */,
				5062B49A1D02DB0A000F39FB /* ZipArchive.mm */,
			);
			name = Utils;
			sourceTree = "<group>";
		};
		5062B48F1D02DB0A000F39FB /* minizip */ = {
			isa = PBXGroup;
			children = (
				5062B4901D02DB0A000F39FB /* crypt.h */,
				5062B4911D02DB0A000F39FB /* ioapi.c */,
				5062B4921D02DB0A000F39FB /* ioapi.h */,
				5062B4931D02DB0A000F39FB /* mztools.c */,
				5062B4941D02DB0A000F39FB /* mztools.h */,
				5062B4951D02DB0A000F39FB /* unzip.c */,
				5062B4961D02DB0A000F39FB /* unzip.h */,
				5062B4971D02DB0A000F39FB /* zip.c */,
				5062B4981D02DB0A000F39FB /* zip.h */,
			);
			path = minizip;
			sourceTree = "<group>";
		};
		5062B4A21D02DB58000F39FB /* Frameworks */ = {
			isa = PBXGroup;
			children = (
				5062B4BE1D02FA96000F39FB /* CoreGraphics.framework */,
				5062B4BC1D02FA90000F39FB /* UIKit.framework */,
				5062B4BA1D02FA89000F39FB /* Foundation.framework */,
				5062B4B81D02FA84000F39FB /* QuartzCore.framework */,
				5062B4B61D02FA7D000F39FB /* SystemConfiguration.framework */,
				5062B4B41D02FA79000F39FB /* AudioToolbox.framework */,
				5062B4B21D02FA71000F39FB /* AddressBook.framework */,
				5062B4B01D02FA6C000F39FB /* AVFoundation.framework */,
				5062B4AE1D02FA65000F39FB /* CoreTelephony.framework */,
				5062B4AC1D02FA5F000F39FB /* CoreLocation.framework */,
				5062B4AA1D02FA4D000F39FB /* iflyMSC.framework */,
				5062B4A01D02DB53000F39FB /* libz.tbd */,
			);
			name = Frameworks;
			sourceTree = "<group>";
		};
/* End PBXGroup section */

/* Begin PBXNativeTarget section */
		5062B3FA1D02C9C6000F39FB /* DaVinci */ = {
			isa = PBXNativeTarget;
			buildConfigurationList = 5062B4281D02C9C6000F39FB /* Build configuration list for PBXNativeTarget "DaVinci" */;
			buildPhases = (
				5062B3F71D02C9C6000F39FB /* Sources */,
				5062B3F81D02C9C6000F39FB /* Frameworks */,
				5062B3F91D02C9C6000F39FB /* Resources */,
			);
			buildRules = (
			);
			dependencies = (
			);
			name = DaVinci;
			productName = DaVinci;
			productReference = 5062B3FB1D02C9C6000F39FB /* DaVinci.app */;
			productType = "com.apple.product-type.application";
		};
		5062B4131D02C9C6000F39FB /* DaVinciTests */ = {
			isa = PBXNativeTarget;
			buildConfigurationList = 5062B42B1D02C9C6000F39FB /* Build configuration list for PBXNativeTarget "DaVinciTests" */;
			buildPhases = (
				5062B4101D02C9C6000F39FB /* Sources */,
				5062B4111D02C9C6000F39FB /* Frameworks */,
				5062B4121D02C9C6000F39FB /* Resources */,
			);
			buildRules = (
			);
			dependencies = (
				5062B4161D02C9C6000F39FB /* PBXTargetDependency */,
			);
			name = DaVinciTests;
			productName = DaVinciTests;
			productReference = 5062B4141D02C9C6000F39FB /* DaVinciTests.xctest */;
			productType = "com.apple.product-type.bundle.unit-test";
		};
		5062B41E1D02C9C6000F39FB /* DaVinciUITests */ = {
			isa = PBXNativeTarget;
			buildConfigurationList = 5062B42E1D02C9C6000F39FB /* Build configuration list for PBXNativeTarget "DaVinciUITests" */;
			buildPhases = (
				5062B41B1D02C9C6000F39FB /* Sources */,
				5062B41C1D02C9C6000F39FB /* Frameworks */,
				5062B41D1D02C9C6000F39FB /* Resources */,
			);
			buildRules = (
			);
			dependencies = (
				5062B4211D02C9C6000F39FB /* PBXTargetDependency */,
			);
			name = DaVinciUITests;
			productName = DaVinciUITests;
			productReference = 5062B41F1D02C9C6000F39FB /* DaVinciUITests.xctest */;
			productType = "com.apple.product-type.bundle.ui-testing";
		};
/* End PBXNativeTarget section */

/* Begin PBXProject section */
		5062B3F31D02C9C6000F39FB /* Project object */ = {
			isa = PBXProject;
			attributes = {
				LastUpgradeCheck = 0730;
				ORGANIZATIONNAME = hackbuster;
				TargetAttributes = {
					5062B3FA1D02C9C6000F39FB = {
						CreatedOnToolsVersion = 7.3.1;
					};
					5062B4131D02C9C6000F39FB = {
						CreatedOnToolsVersion = 7.3.1;
						TestTargetID = 5062B3FA1D02C9C6000F39FB;
					};
					5062B41E1D02C9C6000F39FB = {
						CreatedOnToolsVersion = 7.3.1;
						TestTargetID = 5062B3FA1D02C9C6000F39FB;
					};
				};
			};
			buildConfigurationList = 5062B3F61D02C9C6000F39FB /* Build configuration list for PBXProject "DaVinci" */;
			compatibilityVersion = "Xcode 3.2";
			developmentRegion = English;
			hasScannedForEncodings = 0;
			knownRegions = (
				en,
				Base,
			);
			mainGroup = 5062B3F21D02C9C6000F39FB;
			productRefGroup = 5062B3FC1D02C9C6000F39FB /* Products */;
			projectDirPath = "";
			projectRoot = "";
			targets = (
				5062B3FA1D02C9C6000F39FB /* DaVinci */,
				5062B4131D02C9C6000F39FB /* DaVinciTests */,
				5062B41E1D02C9C6000F39FB /* DaVinciUITests */,
			);
		};
/* End PBXProject section */

/* Begin PBXResourcesBuildPhase section */
		5062B3F91D02C9C6000F39FB /* Resources */ = {
			isa = PBXResourcesBuildPhase;
			buildActionMask = 2147483647;
			files = (
				5062B40E1D02C9C6000F39FB /* LaunchScreen.storyboard in Resources */,
				5062B4A41D02DC5A000F39FB /* resource.zip in Resources */,
				5062B40B1D02C9C6000F39FB /* Assets.xcassets in Resources */,
				5062B4091D02C9C6000F39FB /* Main.storyboard in Resources */,
			);
			runOnlyForDeploymentPostprocessing = 0;
		};
		5062B4121D02C9C6000F39FB /* Resources */ = {
			isa = PBXResourcesBuildPhase;
			buildActionMask = 2147483647;
			files = (
			);
			runOnlyForDeploymentPostprocessing = 0;
		};
		5062B41D1D02C9C6000F39FB /* Resources */ = {
			isa = PBXResourcesBuildPhase;
			buildActionMask = 2147483647;
			files = (
			);
			runOnlyForDeploymentPostprocessing = 0;
		};
/* End PBXResourcesBuildPhase section */

/* Begin PBXSourcesBuildPhase section */
		5062B3F71D02C9C6000F39FB /* Sources */ = {
			isa = PBXSourcesBuildPhase;
			buildActionMask = 2147483647;
			files = (
				5062B4031D02C9C6000F39FB /* AppDelegate.m in Sources */,
				5062B49E1D02DB0A000F39FB /* zip.c in Sources */,
				5062B49D1D02DB0A000F39FB /* unzip.c in Sources */,
				5062B4351D02D183000F39FB /* DVViewController.m in Sources */,
				5062B49C1D02DB0A000F39FB /* mztools.c in Sources */,
				5062B4001D02C9C6000F39FB /* main.m in Sources */,
				5062B4C21D02FAD9000F39FB /* DVVoiceInputManager.m in Sources */,
				5062B4391D02D1D9000F39FB /* DVAIManager.m in Sources */,
				5062B49F1D02DB0A000F39FB /* ZipArchive.mm in Sources */,
				5062B49B1D02DB0A000F39FB /* ioapi.c in Sources */,
				5062B4A71D02DEF0000F39FB /* UIView+ViewFrameGeometry.m in Sources */,
			);
			runOnlyForDeploymentPostprocessing = 0;
		};
		5062B4101D02C9C6000F39FB /* Sources */ = {
			isa = PBXSourcesBuildPhase;
			buildActionMask = 2147483647;
			files = (
				5062B4191D02C9C6000F39FB /* DaVinciTests.m in Sources */,
			);
			runOnlyForDeploymentPostprocessing = 0;
		};
		5062B41B1D02C9C6000F39FB /* Sources */ = {
			isa = PBXSourcesBuildPhase;
			buildActionMask = 2147483647;
			files = (
				5062B4241D02C9C6000F39FB /* DaVinciUITests.m in Sources */,
			);
			runOnlyForDeploymentPostprocessing = 0;
		};
/* End PBXSourcesBuildPhase section */

/* Begin PBXTargetDependency section */
		5062B4161D02C9C6000F39FB /* PBXTargetDependency */ = {
			isa = PBXTargetDependency;
			target = 5062B3FA1D02C9C6000F39FB /* DaVinci */;
			targetProxy = 5062B4151D02C9C6000F39FB /* PBXContainerItemProxy */;
		};
		5062B4211D02C9C6000F39FB /* PBXTargetDependency */ = {
			isa = PBXTargetDependency;
			target = 5062B3FA1D02C9C6000F39FB /* DaVinci */;
			targetProxy = 5062B4201D02C9C6000F39FB /* PBXContainerItemProxy */;
		};
/* End PBXTargetDependency section */

/* Begin PBXVariantGroup section */
		5062B4071D02C9C6000F39FB /* Main.storyboard */ = {
			isa = PBXVariantGroup;
			children = (
				5062B4081D02C9C6000F39FB /* Base */,
			);
			name = Main.storyboard;
			sourceTree = "<group>";
		};
		5062B40C1D02C9C6000F39FB /* LaunchScreen.storyboard */ = {
			isa = PBXVariantGroup;
			children = (
				5062B40D1D02C9C6000F39FB /* Base */,
			);
			name = LaunchScreen.storyboard;
			sourceTree = "<group>";
		};
/* End PBXVariantGroup section */

/* Begin XCBuildConfiguration section */
		5062B4261D02C9C6000F39FB /* Debug */ = {
			isa = XCBuildConfiguration;
			buildSettings = {
				ALWAYS_SEARCH_USER_PATHS = NO;
				CLANG_ANALYZER_NONNULL = YES;
				CLANG_CXX_LANGUAGE_STANDARD = "gnu++0x";
				CLANG_CXX_LIBRARY = "libc++";
				CLANG_ENABLE_MODULES = YES;
				CLANG_ENABLE_OBJC_ARC = YES;
				CLANG_WARN_BOOL_CONVERSION = YES;
				CLANG_WARN_CONSTANT_CONVERSION = YES;
				CLANG_WARN_DIRECT_OBJC_ISA_USAGE = YES_ERROR;
				CLANG_WARN_EMPTY_BODY = YES;
				CLANG_WARN_ENUM_CONVERSION = YES;
				CLANG_WARN_INT_CONVERSION = YES;
				CLANG_WARN_OBJC_ROOT_CLASS = YES_ERROR;
				CLANG_WARN_UNREACHABLE_CODE = YES;
				CLANG_WARN__DUPLICATE_METHOD_MATCH = YES;
				"CODE_SIGN_IDENTITY[sdk=iphoneos*]" = "iPhone Developer";
				COPY_PHASE_STRIP = NO;
				DEBUG_INFORMATION_FORMAT = dwarf;
				ENABLE_STRICT_OBJC_MSGSEND = YES;
				ENABLE_TESTABILITY = YES;
				GCC_C_LANGUAGE_STANDARD = gnu99;
				GCC_DYNAMIC_NO_PIC = NO;
				GCC_NO_COMMON_BLOCKS = YES;
				GCC_OPTIMIZATION_LEVEL = 0;
				GCC_PREPROCESSOR_DEFINITIONS = (
					"DEBUG=1",
					"$(inherited)",
				);
				GCC_WARN_64_TO_32_BIT_CONVERSION = YES;
				GCC_WARN_ABOUT_RETURN_TYPE = YES_ERROR;
				GCC_WARN_UNDECLARED_SELECTOR = YES;
				GCC_WARN_UNINITIALIZED_AUTOS = YES_AGGRESSIVE;
				GCC_WARN_UNUSED_FUNCTION = YES;
				GCC_WARN_UNUSED_VARIABLE = YES;
				IPHONEOS_DEPLOYMENT_TARGET = 9.3;
				MTL_ENABLE_DEBUG_INFO = YES;
				ONLY_ACTIVE_ARCH = YES;
				SDKROOT = iphoneos;
			};
			name = Debug;
		};
		5062B4271D02C9C6000F39FB /* Release */ = {
			isa = XCBuildConfiguration;
			buildSettings = {
				ALWAYS_SEARCH_USER_PATHS = NO;
				CLANG_ANALYZER_NONNULL = YES;
				CLANG_CXX_LANGUAGE_STANDARD = "gnu++0x";
				CLANG_CXX_LIBRARY = "libc++";
				CLANG_ENABLE_MODULES = YES;
				CLANG_ENABLE_OBJC_ARC = YES;
				CLANG_WARN_BOOL_CONVERSION = YES;
				CLANG_WARN_CONSTANT_CONVERSION = YES;
				CLANG_WARN_DIRECT_OBJC_ISA_USAGE = YES_ERROR;
				CLANG_WARN_EMPTY_BODY = YES;
				CLANG_WARN_ENUM_CONVERSION = YES;
				CLANG_WARN_INT_CONVERSION = YES;
				CLANG_WARN_OBJC_ROOT_CLASS = YES_ERROR;
				CLANG_WARN_UNREACHABLE_CODE = YES;
				CLANG_WARN__DUPLICATE_METHOD_MATCH = YES;
				"CODE_SIGN_IDENTITY[sdk=iphoneos*]" = "iPhone Developer";
				COPY_PHASE_STRIP = NO;
				DEBUG_INFORMATION_FORMAT = "dwarf-with-dsym";
				ENABLE_NS_ASSERTIONS = NO;
				ENABLE_STRICT_OBJC_MSGSEND = YES;
				GCC_C_LANGUAGE_STANDARD = gnu99;
				GCC_NO_COMMON_BLOCKS = YES;
				GCC_WARN_64_TO_32_BIT_CONVERSION = YES;
				GCC_WARN_ABOUT_RETURN_TYPE = YES_ERROR;
				GCC_WARN_UNDECLARED_SELECTOR = YES;
				GCC_WARN_UNINITIALIZED_AUTOS = YES_AGGRESSIVE;
				GCC_WARN_UNUSED_FUNCTION = YES;
				GCC_WARN_UNUSED_VARIABLE = YES;
				IPHONEOS_DEPLOYMENT_TARGET = 9.3;
				MTL_ENABLE_DEBUG_INFO = NO;
				SDKROOT = iphoneos;
				VALIDATE_PRODUCT = YES;
			};
			name = Release;
		};
		5062B4291D02C9C6000F39FB /* Debug */ = {
			isa = XCBuildConfiguration;
			buildSettings = {
				ASSETCATALOG_COMPILER_APPICON_NAME = AppIcon;
				ENABLE_BITCODE = NO;
				FRAMEWORK_SEARCH_PATHS = (
					"$(inherited)",
					"$(PROJECT_DIR)",
				);
				INFOPLIST_FILE = DaVinci/Info.plist;
				LD_RUNPATH_SEARCH_PATHS = "$(inherited) @executable_path/Frameworks";
				PRODUCT_BUNDLE_IDENTIFIER = buster.hack.DaVinci;
				PRODUCT_NAME = "$(TARGET_NAME)";
			};
			name = Debug;
		};
		5062B42A1D02C9C6000F39FB /* Release */ = {
			isa = XCBuildConfiguration;
			buildSettings = {
				ASSETCATALOG_COMPILER_APPICON_NAME = AppIcon;
				ENABLE_BITCODE = NO;
				FRAMEWORK_SEARCH_PATHS = (
					"$(inherited)",
					"$(PROJECT_DIR)",
				);
				INFOPLIST_FILE = DaVinci/Info.plist;
				LD_RUNPATH_SEARCH_PATHS = "$(inherited) @executable_path/Frameworks";
				PRODUCT_BUNDLE_IDENTIFIER = buster.hack.DaVinci;
				PRODUCT_NAME = "$(TARGET_NAME)";
			};
			name = Release;
		};
		5062B42C1D02C9C6000F39FB /* Debug */ = {
			isa = XCBuildConfiguration;
			buildSettings = {
				BUNDLE_LOADER = "$(TEST_HOST)";
				INFOPLIST_FILE = DaVinciTests/Info.plist;
				LD_RUNPATH_SEARCH_PATHS = "$(inherited) @executable_path/Frameworks @loader_path/Frameworks";
				PRODUCT_BUNDLE_IDENTIFIER = buster.hack.DaVinciTests;
				PRODUCT_NAME = "$(TARGET_NAME)";
				TEST_HOST = "$(BUILT_PRODUCTS_DIR)/DaVinci.app/DaVinci";
			};
			name = Debug;
		};
		5062B42D1D02C9C6000F39FB /* Release */ = {
			isa = XCBuildConfiguration;
			buildSettings = {
				BUNDLE_LOADER = "$(TEST_HOST)";
				INFOPLIST_FILE = DaVinciTests/Info.plist;
				LD_RUNPATH_SEARCH_PATHS = "$(inherited) @executable_path/Frameworks @loader_path/Frameworks";
				PRODUCT_BUNDLE_IDENTIFIER = buster.hack.DaVinciTests;
				PRODUCT_NAME = "$(TARGET_NAME)";
				TEST_HOST = "$(BUILT_PRODUCTS_DIR)/DaVinci.app/DaVinci";
			};
			name = Release;
		};
		5062B42F1D02C9C6000F39FB /* Debug */ = {
			isa = XCBuildConfiguration;
			buildSettings = {
				INFOPLIST_FILE = DaVinciUITests/Info.plist;
				LD_RUNPATH_SEARCH_PATHS = "$(inherited) @executable_path/Frameworks @loader_path/Frameworks";
				PRODUCT_BUNDLE_IDENTIFIER = buster.hack.DaVinciUITests;
				PRODUCT_NAME = "$(TARGET_NAME)";
				TEST_TARGET_NAME = DaVinci;
			};
			name = Debug;
		};
		5062B4301D02C9C6000F39FB /* Release */ = {
			isa = XCBuildConfiguration;
			buildSettings = {
				INFOPLIST_FILE = DaVinciUITests/Info.plist;
				LD_RUNPATH_SEARCH_PATHS = "$(inherited) @executable_path/Frameworks @loader_path/Frameworks";
				PRODUCT_BUNDLE_IDENTIFIER = buster.hack.DaVinciUITests;
				PRODUCT_NAME = "$(TARGET_NAME)";
				TEST_TARGET_NAME = DaVinci;
			};
			name = Release;
		};
/* End XCBuildConfiguration section */

/* Begin XCConfigurationList section */
		5062B3F61D02C9C6000F39FB /* Build configuration list for PBXProject "DaVinci" */ = {
			isa = XCConfigurationList;
			buildConfigurations = (
				5062B4261D02C9C6000F39FB /* Debug */,
				5062B4271D02C9C6000F39FB /* Release */,
			);
			defaultConfigurationIsVisible = 0;
			defaultConfigurationName = Release;
		};
		5062B4281D02C9C6000F39FB /* Build configuration list for PBXNativeTarget "DaVinci" */ = {
			isa = XCConfigurationList;
			buildConfigurations = (
				5062B4291D02C9C6000F39FB /* Debug */,
				5062B42A1D02C9C6000F39FB /* Release */,
			);
			defaultConfigurationIsVisible = 0;
		};
		5062B42B1D02C9C6000F39FB /* Build configuration list for PBXNativeTarget "DaVinciTests" */ = {
			isa = XCConfigurationList;
			buildConfigurations = (
				5062B42C1D02C9C6000F39FB /* Debug */,
				5062B42D1D02C9C6000F39FB /* Release */,
			);
			defaultConfigurationIsVisible = 0;
		};
		5062B42E1D02C9C6000F39FB /* Build configuration list for PBXNativeTarget "DaVinciUITests" */ = {
			isa = XCConfigurationList;
			buildConfigurations = (
				5062B42F1D02C9C6000F39FB /* Debug */,
				5062B4301D02C9C6000F39FB /* Release */,
			);
			defaultConfigurationIsVisible = 0;
		};
/* End XCConfigurationList section */
	};
	rootObject = 5062B3F31D02C9C6000F39FB /* Project object */;
}
